# This file is automatically @generated by Cargo.
# It is not intended for manual editing.
version = 4

[[package]]
name = "camino"
version = "1.1.12"
source = "registry+https://github.com/rust-lang/crates.io-index"
checksum = "dd0b03af37dad7a14518b7691d81acb0f8222604ad3d1b02f6b4bed5188c0cd5"

[[package]]
name = "indoc"
version = "2.0.6"
source = "registry+https://github.com/rust-lang/crates.io-index"
checksum = "f4c7245a08504955605670dbf141fceab975f15ca21570696aebe9d2e71576bd"

[[package]]
name = "roboto"
version = "0.1.1"
dependencies = [
 "camino",
 "indoc",
]
