# This file is automatically @generated by Cargo.
# It is not intended for manual editing.
version = 4

[[package]]
name = "camino"
version = "1.1.11"
source = "registry+https://github.com/rust-lang/crates.io-index"
checksum = "5d07aa9a93b00c76f71bc35d598bed923f6d4f3a9ca5c24b7737ae1a292841c0"

[[package]]
name = "indoc"
version = "2.0.6"
source = "registry+https://github.com/rust-lang/crates.io-index"
checksum = "f4c7245a08504955605670dbf141fceab975f15ca21570696aebe9d2e71576bd"

[[package]]
name = "roboto"
version = "0.1.1"
dependencies = [
 "camino",
 "indoc",
]
