# This file is automatically @generated by Cargo.
# It is not intended for manual editing.
version = 4

[[package]]
name = "camino"
version = "1.1.10"
source = "registry+https://github.com/rust-lang/crates.io-index"
checksum = "0da45bc31171d8d6960122e222a67740df867c1dd53b4d51caa297084c185cab"

[[package]]
name = "indoc"
version = "2.0.6"
source = "registry+https://github.com/rust-lang/crates.io-index"
checksum = "f4c7245a08504955605670dbf141fceab975f15ca21570696aebe9d2e71576bd"

[[package]]
name = "roboto"
version = "0.1.1"
dependencies = [
 "camino",
 "indoc",
]
